// !$*UTF8*$!
{
	archiveVersion = 1;
	classes = {
	};
	objectVersion = 50;
	objects = {

/* Begin PBXBuildFile section */
		78045CFC25A11809003C47C4 /* CardButton.swift in Sources */ = {isa = PBXBuildFile; fileRef = 78045CFB25A11809003C47C4 /* CardButton.swift */; };
		7854201F259DEEC000FE43FE /* AppDelegate.swift in Sources */ = {isa = PBXBuildFile; fileRef = 7854201E259DEEC000FE43FE /* AppDelegate.swift */; };
		78542021259DEEC000FE43FE /* SceneDelegate.swift in Sources */ = {isa = PBXBuildFile; fileRef = 78542020259DEEC000FE43FE /* SceneDelegate.swift */; };
		78542023259DEEC000FE43FE /* ConcentrationViewController.swift in Sources */ = {isa = PBXBuildFile; fileRef = 78542022259DEEC000FE43FE /* ConcentrationViewController.swift */; };
		78542026259DEEC000FE43FE /* Main.storyboard in Resources */ = {isa = PBXBuildFile; fileRef = 78542024259DEEC000FE43FE /* Main.storyboard */; };
		78542028259DEEC100FE43FE /* Assets.xcassets in Resources */ = {isa = PBXBuildFile; fileRef = 78542027259DEEC100FE43FE /* Assets.xcassets */; };
		7854202B259DEEC100FE43FE /* LaunchScreen.storyboard in Resources */ = {isa = PBXBuildFile; fileRef = 78542029259DEEC100FE43FE /* LaunchScreen.storyboard */; };
		789D166D25C1A68300DC5823 /* ConcentrationThemeChooserViewController.swift in Sources */ = {isa = PBXBuildFile; fileRef = 789D166C25C1A68300DC5823 /* ConcentrationThemeChooserViewController.swift */; };
		78A81D4125A1CF24009C8982 /* Concentration.swift in Sources */ = {isa = PBXBuildFile; fileRef = 78A81D4025A1CF24009C8982 /* Concentration.swift */; };
		78A81D4425A1D0D4009C8982 /* Card.swift in Sources */ = {isa = PBXBuildFile; fileRef = 78A81D4325A1D0D4009C8982 /* Card.swift */; };
/* End PBXBuildFile section */

/* Begin PBXFileReference section */
		78045CFB25A11809003C47C4 /* CardButton.swift */ = {isa = PBXFileReference; lastKnownFileType = sourcecode.swift; path = CardButton.swift; sourceTree = "<group>"; };
		7854201B259DEEC000FE43FE /* Concentration.app */ = {isa = PBXFileReference; explicitFileType = wrapper.application; includeInIndex = 0; path = Concentration.app; sourceTree = BUILT_PRODUCTS_DIR; };
		7854201E259DEEC000FE43FE /* AppDelegate.swift */ = {isa = PBXFileReference; lastKnownFileType = sourcecode.swift; path = AppDelegate.swift; sourceTree = "<group>"; };
		78542020259DEEC000FE43FE /* SceneDelegate.swift */ = {isa = PBXFileReference; lastKnownFileType = sourcecode.swift; path = SceneDelegate.swift; sourceTree = "<group>"; };
		78542022259DEEC000FE43FE /* ConcentrationViewController.swift */ = {isa = PBXFileReference; lastKnownFileType = sourcecode.swift; path = ConcentrationViewController.swift; sourceTree = "<group>"; };
		78542025259DEEC000FE43FE /* Base */ = {isa = PBXFileReference; lastKnownFileType = file.storyboard; name = Base; path = Base.lproj/Main.storyboard; sourceTree = "<group>"; };
		78542027259DEEC100FE43FE /* Assets.xcassets */ = {isa = PBXFileReference; lastKnownFileType = folder.assetcatalog; path = Assets.xcassets; sourceTree = "<group>"; };
		7854202A259DEEC100FE43FE /* Base */ = {isa = PBXFileReference; lastKnownFileType = file.storyboard; name = Base; path = Base.lproj/LaunchScreen.storyboard; sourceTree = "<group>"; };
		7854202C259DEEC100FE43FE /* Info.plist */ = {isa = PBXFileReference; lastKnownFileType = text.plist.xml; path = Info.plist; sourceTree = "<group>"; };
		789D166C25C1A68300DC5823 /* ConcentrationThemeChooserViewController.swift */ = {isa = PBXFileReference; lastKnownFileType = sourcecode.swift; path = ConcentrationThemeChooserViewController.swift; sourceTree = "<group>"; };
		78A81D4025A1CF24009C8982 /* Concentration.swift */ = {isa = PBXFileReference; lastKnownFileType = sourcecode.swift; path = Concentration.swift; sourceTree = "<group>"; };
		78A81D4325A1D0D4009C8982 /* Card.swift */ = {isa = PBXFileReference; lastKnownFileType = sourcecode.swift; path = Card.swift; sourceTree = "<group>"; };
/* End PBXFileReference section */

/* Begin PBXFrameworksBuildPhase section */
		78542018259DEEC000FE43FE /* Frameworks */ = {
			isa = PBXFrameworksBuildPhase;
			buildActionMask = 2147483647;
			files = (
			);
			runOnlyForDeploymentPostprocessing = 0;
		};
/* End PBXFrameworksBuildPhase section */

/* Begin PBXGroup section */
		78542012259DEEC000FE43FE = {
			isa = PBXGroup;
			children = (
				7854201D259DEEC000FE43FE /* Concentration */,
				7854201C259DEEC000FE43FE /* Products */,
			);
			sourceTree = "<group>";
		};
		7854201C259DEEC000FE43FE /* Products */ = {
			isa = PBXGroup;
			children = (
				7854201B259DEEC000FE43FE /* Concentration.app */,
			);
			name = Products;
			sourceTree = "<group>";
		};
		7854201D259DEEC000FE43FE /* Concentration */ = {
			isa = PBXGroup;
			children = (
				7854201E259DEEC000FE43FE /* AppDelegate.swift */,
				78542020259DEEC000FE43FE /* SceneDelegate.swift */,
				789D166F25C1A68900DC5823 /* Controllers */,
				78A81D4625A1D0E2009C8982 /* Model */,
				78A81D4825A20519009C8982 /* View */,
				78542024259DEEC000FE43FE /* Main.storyboard */,
				78542027259DEEC100FE43FE /* Assets.xcassets */,
				78542029259DEEC100FE43FE /* LaunchScreen.storyboard */,
				7854202C259DEEC100FE43FE /* Info.plist */,
			);
			path = Concentration;
			sourceTree = "<group>";
		};
		789D166F25C1A68900DC5823 /* Controllers */ = {
			isa = PBXGroup;
			children = (
				78542022259DEEC000FE43FE /* ConcentrationViewController.swift */,
				789D166C25C1A68300DC5823 /* ConcentrationThemeChooserViewController.swift */,
			);
			path = Controllers;
			sourceTree = "<group>";
		};
		78A81D4625A1D0E2009C8982 /* Model */ = {
			isa = PBXGroup;
			children = (
				78A81D4025A1CF24009C8982 /* Concentration.swift */,
				78A81D4325A1D0D4009C8982 /* Card.swift */,
			);
			path = Model;
			sourceTree = "<group>";
		};
		78A81D4825A20519009C8982 /* View */ = {
			isa = PBXGroup;
			children = (
				78045CFB25A11809003C47C4 /* CardButton.swift */,
			);
			path = View;
			sourceTree = "<group>";
		};
/* End PBXGroup section */

/* Begin PBXNativeTarget section */
		7854201A259DEEC000FE43FE /* Concentration */ = {
			isa = PBXNativeTarget;
			buildConfigurationList = 7854202F259DEEC100FE43FE /* Build configuration list for PBXNativeTarget "Concentration" */;
			buildPhases = (
				78542017259DEEC000FE43FE /* Sources */,
				78542018259DEEC000FE43FE /* Frameworks */,
				78542019259DEEC000FE43FE /* Resources */,
			);
			buildRules = (
			);
			dependencies = (
			);
			name = Concentration;
			productName = Concentration;
			productReference = 7854201B259DEEC000FE43FE /* Concentration.app */;
			productType = "com.apple.product-type.application";
		};
/* End PBXNativeTarget section */

/* Begin PBXProject section */
		78542013259DEEC000FE43FE /* Project object */ = {
			isa = PBXProject;
			attributes = {
				LastSwiftUpdateCheck = 1230;
				LastUpgradeCheck = 1230;
				TargetAttributes = {
					7854201A259DEEC000FE43FE = {
						CreatedOnToolsVersion = 12.3;
					};
				};
			};
			buildConfigurationList = 78542016259DEEC000FE43FE /* Build configuration list for PBXProject "Concentration" */;
			compatibilityVersion = "Xcode 9.3";
			developmentRegion = en;
			hasScannedForEncodings = 0;
			knownRegions = (
				en,
				Base,
			);
			mainGroup = 78542012259DEEC000FE43FE;
			productRefGroup = 7854201C259DEEC000FE43FE /* Products */;
			projectDirPath = "";
			projectRoot = "";
			targets = (
				7854201A259DEEC000FE43FE /* Concentration */,
			);
		};
/* End PBXProject section */

/* Begin PBXResourcesBuildPhase section */
		78542019259DEEC000FE43FE /* Resources */ = {
			isa = PBXResourcesBuildPhase;
			buildActionMask = 2147483647;
			files = (
				7854202B259DEEC100FE43FE /* LaunchScreen.storyboard in Resources */,
				78542028259DEEC100FE43FE /* Assets.xcassets in Resources */,
				78542026259DEEC000FE43FE /* Main.storyboard in Resources */,
			);
			runOnlyForDeploymentPostprocessing = 0;
		};
/* End PBXResourcesBuildPhase section */

/* Begin PBXSourcesBuildPhase section */
		78542017259DEEC000FE43FE /* Sources */ = {
			isa = PBXSourcesBuildPhase;
			buildActionMask = 2147483647;
			files = (
				78542023259DEEC000FE43FE /* ConcentrationViewController.swift in Sources */,
				78A81D4425A1D0D4009C8982 /* Card.swift in Sources */,
				789D166D25C1A68300DC5823 /* ConcentrationThemeChooserViewController.swift in Sources */,
				78A81D4125A1CF24009C8982 /* Concentration.swift in Sources */,
				78045CFC25A11809003C47C4 /* CardButton.swift in Sources */,
				7854201F259DEEC000FE43FE /* AppDelegate.swift in Sources */,
				78542021259DEEC000FE43FE /* SceneDelegate.swift in Sources */,
			);
			runOnlyForDeploymentPostprocessing = 0;
		};
/* End PBXSourcesBuildPhase section */

/* Begin PBXVariantGroup section */
		78542024259DEEC000FE43FE /* Main.storyboard */ = {
			isa = PBXVariantGroup;
			children = (
				78542025259DEEC000FE43FE /* Base */,
			);
			name = Main.storyboard;
			sourceTree = "<group>";
		};
		78542029259DEEC100FE43FE /* LaunchScreen.storyboard */ = {
			isa = PBXVariantGroup;
			children = (
				7854202A259DEEC100FE43FE /* Base */,
			);
			name = LaunchScreen.storyboard;
			sourceTree = "<group>";
		};
/* End PBXVariantGroup section */

/* Begin XCBuildConfiguration section */
		7854202D259DEEC100FE43FE /* Debug */ = {
			isa = XCBuildConfiguration;
			buildSettings = {
				ALWAYS_SEARCH_USER_PATHS = NO;
				CLANG_ANALYZER_NONNULL = YES;
				CLANG_ANALYZER_NUMBER_OBJECT_CONVERSION = YES_AGGRESSIVE;
				CLANG_CXX_LANGUAGE_STANDARD = "gnu++14";
				CLANG_CXX_LIBRARY = "libc++";
				CLANG_ENABLE_MODULES = YES;
				CLANG_ENABLE_OBJC_ARC = YES;
				CLANG_ENABLE_OBJC_WEAK = YES;
				CLANG_WARN_BLOCK_CAPTURE_AUTORELEASING = YES;
				CLANG_WARN_BOOL_CONVERSION = YES;
				CLANG_WARN_COMMA = YES;
				CLANG_WARN_CONSTANT_CONVERSION = YES;
				CLANG_WARN_DEPRECATED_OBJC_IMPLEMENTATIONS = YES;
				CLANG_WARN_DIRECT_OBJC_ISA_USAGE = YES_ERROR;
				CLANG_WARN_DOCUMENTATION_COMMENTS = YES;
				CLANG_WARN_EMPTY_BODY = YES;
				CLANG_WARN_ENUM_CONVERSION = YES;
				CLANG_WARN_INFINITE_RECURSION = YES;
				CLANG_WARN_INT_CONVERSION = YES;
				CLANG_WARN_NON_LITERAL_NULL_CONVERSION = YES;
				CLANG_WARN_OBJC_IMPLICIT_RETAIN_SELF = YES;
				CLANG_WARN_OBJC_LITERAL_CONVERSION = YES;
				CLANG_WARN_OBJC_ROOT_CLASS = YES_ERROR;
				CLANG_WARN_QUOTED_INCLUDE_IN_FRAMEWORK_HEADER = YES;
				CLANG_WARN_RANGE_LOOP_ANALYSIS = YES;
				CLANG_WARN_STRICT_PROTOTYPES = YES;
				CLANG_WARN_SUSPICIOUS_MOVE = YES;
				CLANG_WARN_UNGUARDED_AVAILABILITY = YES_AGGRESSIVE;
				CLANG_WARN_UNREACHABLE_CODE = YES;
				CLANG_WARN__DUPLICATE_METHOD_MATCH = YES;
				COPY_PHASE_STRIP = NO;
				DEBUG_INFORMATION_FORMAT = dwarf;
				ENABLE_STRICT_OBJC_MSGSEND = YES;
				ENABLE_TESTABILITY = YES;
				GCC_C_LANGUAGE_STANDARD = gnu11;
				GCC_DYNAMIC_NO_PIC = NO;
				GCC_NO_COMMON_BLOCKS = YES;
				GCC_OPTIMIZATION_LEVEL = 0;
				GCC_PREPROCESSOR_DEFINITIONS = (
					"DEBUG=1",
					"$(inherited)",
				);
				GCC_WARN_64_TO_32_BIT_CONVERSION = YES;
				GCC_WARN_ABOUT_RETURN_TYPE = YES_ERROR;
				GCC_WARN_UNDECLARED_SELECTOR = YES;
				GCC_WARN_UNINITIALIZED_AUTOS = YES_AGGRESSIVE;
				GCC_WARN_UNUSED_FUNCTION = YES;
				GCC_WARN_UNUSED_VARIABLE = YES;
				IPHONEOS_DEPLOYMENT_TARGET = 14.3;
				MTL_ENABLE_DEBUG_INFO = INCLUDE_SOURCE;
				MTL_FAST_MATH = YES;
				ONLY_ACTIVE_ARCH = YES;
				SDKROOT = iphoneos;
				SWIFT_ACTIVE_COMPILATION_CONDITIONS = DEBUG;
				SWIFT_OPTIMIZATION_LEVEL = "-Onone";
			};
			name = Debug;
		};
		7854202E259DEEC100FE43FE /* Release */ = {
			isa = XCBuildConfiguration;
			buildSettings = {
				ALWAYS_SEARCH_USER_PATHS = NO;
				CLANG_ANALYZER_NONNULL = YES;
				CLANG_ANALYZER_NUMBER_OBJECT_CONVERSION = YES_AGGRESSIVE;
				CLANG_CXX_LANGUAGE_STANDARD = "gnu++14";
				CLANG_CXX_LIBRARY = "libc++";
				CLANG_ENABLE_MODULES = YES;
				CLANG_ENABLE_OBJC_ARC = YES;
				CLANG_ENABLE_OBJC_WEAK = YES;
				CLANG_WARN_BLOCK_CAPTURE_AUTORELEASING = YES;
				CLANG_WARN_BOOL_CONVERSION = YES;
				CLANG_WARN_COMMA = YES;
				CLANG_WARN_CONSTANT_CONVERSION = YES;
				CLANG_WARN_DEPRECATED_OBJC_IMPLEMENTATIONS = YES;
				CLANG_WARN_DIRECT_OBJC_ISA_USAGE = YES_ERROR;
				CLANG_WARN_DOCUMENTATION_COMMENTS = YES;
				CLANG_WARN_EMPTY_BODY = YES;
				CLANG_WARN_ENUM_CONVERSION = YES;
				CLANG_WARN_INFINITE_RECURSION = YES;
				CLANG_WARN_INT_CONVERSION = YES;
				CLANG_WARN_NON_LITERAL_NULL_CONVERSION = YES;
				CLANG_WARN_OBJC_IMPLICIT_RETAIN_SELF = YES;
				CLANG_WARN_OBJC_LITERAL_CONVERSION = YES;
				CLANG_WARN_OBJC_ROOT_CLASS = YES_ERROR;
				CLANG_WARN_QUOTED_INCLUDE_IN_FRAMEWORK_HEADER = YES;
				CLANG_WARN_RANGE_LOOP_ANALYSIS = YES;
				CLANG_WARN_STRICT_PROTOTYPES = YES;
				CLANG_WARN_SUSPICIOUS_MOVE = YES;
				CLANG_WARN_UNGUARDED_AVAILABILITY = YES_AGGRESSIVE;
				CLANG_WARN_UNREACHABLE_CODE = YES;
				CLANG_WARN__DUPLICATE_METHOD_MATCH = YES;
				COPY_PHASE_STRIP = NO;
				DEBUG_INFORMATION_FORMAT = "dwarf-with-dsym";
				ENABLE_NS_ASSERTIONS = NO;
				ENABLE_STRICT_OBJC_MSGSEND = YES;
				GCC_C_LANGUAGE_STANDARD = gnu11;
				GCC_NO_COMMON_BLOCKS = YES;
				GCC_WARN_64_TO_32_BIT_CONVERSION = YES;
				GCC_WARN_ABOUT_RETURN_TYPE = YES_ERROR;
				GCC_WARN_UNDECLARED_SELECTOR = YES;
				GCC_WARN_UNINITIALIZED_AUTOS = YES_AGGRESSIVE;
				GCC_WARN_UNUSED_FUNCTION = YES;
				GCC_WARN_UNUSED_VARIABLE = YES;
				IPHONEOS_DEPLOYMENT_TARGET = 14.3;
				MTL_ENABLE_DEBUG_INFO = NO;
				MTL_FAST_MATH = YES;
				SDKROOT = iphoneos;
				SWIFT_COMPILATION_MODE = wholemodule;
				SWIFT_OPTIMIZATION_LEVEL = "-O";
				VALIDATE_PRODUCT = YES;
			};
			name = Release;
		};
		78542030259DEEC100FE43FE /* Debug */ = {
			isa = XCBuildConfiguration;
			buildSettings = {
				ASSETCATALOG_COMPILER_APPICON_NAME = AppIcon;
				ASSETCATALOG_COMPILER_GLOBAL_ACCENT_COLOR_NAME = AccentColor;
				CODE_SIGN_STYLE = Automatic;
				DEVELOPMENT_TEAM = DY4HRQH94R;
				INFOPLIST_FILE = Concentration/Info.plist;
				LD_RUNPATH_SEARCH_PATHS = (
					"$(inherited)",
					"@executable_path/Frameworks",
				);
				PRODUCT_BUNDLE_IDENTIFIER = Igor.Concentration;
				PRODUCT_NAME = "$(TARGET_NAME)";
				SWIFT_VERSION = 5.0;
				TARGETED_DEVICE_FAMILY = "1,2";
			};
			name = Debug;
		};
		78542031259DEEC100FE43FE /* Release */ = {
			isa = XCBuildConfiguration;
			buildSettings = {
				ASSETCATALOG_COMPILER_APPICON_NAME = AppIcon;
				ASSETCATALOG_COMPILER_GLOBAL_ACCENT_COLOR_NAME = AccentColor;
				CODE_SIGN_STYLE = Automatic;
				DEVELOPMENT_TEAM = DY4HRQH94R;
				INFOPLIST_FILE = Concentration/Info.plist;
				LD_RUNPATH_SEARCH_PATHS = (
					"$(inherited)",
					"@executable_path/Frameworks",
				);
				PRODUCT_BUNDLE_IDENTIFIER = Igor.Concentration;
				PRODUCT_NAME = "$(TARGET_NAME)";
				SWIFT_VERSION = 5.0;
				TARGETED_DEVICE_FAMILY = "1,2";
			};
			name = Release;
		};
/* End XCBuildConfiguration section */

/* Begin XCConfigurationList section */
		78542016259DEEC000FE43FE /* Build configuration list for PBXProject "Concentration" */ = {
			isa = XCConfigurationList;
			buildConfigurations = (
				7854202D259DEEC100FE43FE /* Debug */,
				7854202E259DEEC100FE43FE /* Release */,
			);
			defaultConfigurationIsVisible = 0;
			defaultConfigurationName = Release;
		};
		7854202F259DEEC100FE43FE /* Build configuration list for PBXNativeTarget "Concentration" */ = {
			isa = XCConfigurationList;
			buildConfigurations = (
				78542030259DEEC100FE43FE /* Debug */,
				78542031259DEEC100FE43FE /* Release */,
			);
			defaultConfigurationIsVisible = 0;
			defaultConfigurationName = Release;
		};
/* End XCConfigurationList section */
	};
	rootObject = 78542013259DEEC000FE43FE /* Project object */;
}
